[root]
name = "resistance"
version = "0.1.0"
dependencies = [
 "serde 0.9.10 (registry+https://github.com/rust-lang/crates.io-index)",
 "serde_yaml 0.6.2 (registry+https://github.com/rust-lang/crates.io-index)",
]

[[package]]
name = "linked-hash-map"
version = "0.3.0"
source = "registry+https://github.com/rust-lang/crates.io-index"

[[package]]
name = "serde"
version = "0.9.10"
source = "registry+https://github.com/rust-lang/crates.io-index"

[[package]]
name = "serde_yaml"
version = "0.6.2"
source = "registry+https://github.com/rust-lang/crates.io-index"
dependencies = [
 "linked-hash-map 0.3.0 (registry+https://github.com/rust-lang/crates.io-index)",
 "serde 0.9.10 (registry+https://github.com/rust-lang/crates.io-index)",
 "yaml-rust 0.3.5 (registry+https://github.com/rust-lang/crates.io-index)",
]

[[package]]
name = "yaml-rust"
version = "0.3.5"
source = "registry+https://github.com/rust-lang/crates.io-index"
dependencies = [
 "linked-hash-map 0.3.0 (registry+https://github.com/rust-lang/crates.io-index)",
]

[metadata]
"checksum linked-hash-map 0.3.0 (registry+https://github.com/rust-lang/crates.io-index)" = "6d262045c5b87c0861b3f004610afd0e2c851e2908d08b6c870cbb9d5f494ecd"
"checksum serde 0.9.10 (registry+https://github.com/rust-lang/crates.io-index)" = "a78def33a828eb05eb7f0167499f19cca368faf27601f6c43bc70316825d9adf"
"checksum serde_yaml 0.6.2 (registry+https://github.com/rust-lang/crates.io-index)" = "f8bd3f24ad8c7bcd34a6d70ba676dc11302b96f4f166aa5f947762e01098844d"
"checksum yaml-rust 0.3.5 (registry+https://github.com/rust-lang/crates.io-index)" = "e66366e18dc58b46801afbf2ca7661a9f59cc8c5962c29892b6039b4f86fa992"
